{
  "lockfile_version": "1",
  "packages": {
    "github:NixOS/nixpkgs/nixpkgs-unstable": {
      "last_modified": "2025-05-01T18:18:34Z",
      "resolved": "github:NixOS/nixpkgs/b5dd9efc912ecabeafa4f082d31e19cb1c74266c?lastModified=1746123514&narHash=sha256-UNO%2BMbVHLl4AkVWYqekk72%2FgqFNSLYNkBgto7h%2B7P3U%3D"
    },
    "go@1.25": {
      "last_modified": "2025-08-08T08:05:48Z",
      "resolved": "github:NixOS/nixpkgs/a3f3e3f2c983e957af6b07a1db98bafd1f87b7a1#go_1_25",
      "source": "devbox-search",
      "version": "1.25rc3",
      "systems": {
        "aarch64-darwin": {
          "outputs": [
            {
              "name": "out",
              "path": "/nix/store/3h76v26b24dqxhd1i8gzcg8bwzxzmrhl-go-1.25rc3",
              "default": true
            }
          ],
          "store_path": "/nix/store/3h76v26b24dqxhd1i8gzcg8bwzxzmrhl-go-1.25rc3"
        },
        "aarch64-linux": {
          "outputs": [
            {
              "name": "out",
              "path": "/nix/store/1sy3nfyahk3a3pg5x301jx96yxg8sw3y-go-1.25rc3",
              "default": true
            }
          ],
          "store_path": "/nix/store/1sy3nfyahk3a3pg5x301jx96yxg8sw3y-go-1.25rc3"
        },
        "x86_64-darwin": {
          "outputs": [
            {
              "name": "out",
              "path": "/nix/store/vh7db8clgyymv47wsddpw908bbf1dikm-go-1.25rc3",
              "default": true
            }
          ],
          "store_path": "/nix/store/vh7db8clgyymv47wsddpw908bbf1dikm-go-1.25rc3"
        },
        "x86_64-linux": {
          "outputs": [
            {
              "name": "out",
              "path": "/nix/store/nbq04hs95dpiwmfnqiky5l4z8azbqj6i-go-1.25rc3",
              "default": true
            }
          ],
          "store_path": "/nix/store/nbq04hs95dpiwmfnqiky5l4z8azbqj6i-go-1.25rc3"
        }
      }
    },
    "nodejs_22@latest": {
      "last_modified": "2025-03-23T05:31:05Z",
      "plugin_version": "0.0.2",
      "resolved": "github:NixOS/nixpkgs/dd613136ee91f67e5dba3f3f41ac99ae89c5406b#nodejs_22",
      "source": "devbox-search",
      "version": "22.14.0",
      "systems": {
        "aarch64-darwin": {
          "outputs": [
            {
              "name": "out",
              "path": "/nix/store/i1v519j66jmvpqr5h382i9nanxwa5l6n-nodejs-22.14.0",
              "default": true
            },
            {
              "name": "libv8",
              "path": "/nix/store/4m6xhygkx74fsd5k99nihgr7vg85f553-nodejs-22.14.0-libv8"
            }
          ],
          "store_path": "/nix/store/i1v519j66jmvpqr5h382i9nanxwa5l6n-nodejs-22.14.0"
        },
        "aarch64-linux": {
          "outputs": [
            {
              "name": "out",
              "path": "/nix/store/p6183qmkyfkz5sqlv4wbw6a2nnh1r8jf-nodejs-22.14.0",
              "default": true
            },
            {
              "name": "libv8",
              "path": "/nix/store/s8407q9aa2mi2b60zk2mkjjdnv4qw87x-nodejs-22.14.0-libv8"
            }
          ],
          "store_path": "/nix/store/p6183qmkyfkz5sqlv4wbw6a2nnh1r8jf-nodejs-22.14.0"
        },
        "x86_64-darwin": {
          "outputs": [
            {
              "name": "out",
              "path": "/nix/store/mxpq0x25ayiliy6938pflhqvfc1nznkl-nodejs-22.14.0",
              "default": true
            },
            {
              "name": "libv8",
              "path": "/nix/store/sx5pbfq09qkl6bfxcljmhf5s1z049693-nodejs-22.14.0-libv8"
            }
          ],
          "store_path": "/nix/store/mxpq0x25ayiliy6938pflhqvfc1nznkl-nodejs-22.14.0"
        },
        "x86_64-linux": {
          "outputs": [
            {
              "name": "out",
              "path": "/nix/store/bmakyv5ip1wc9jk155glzdw4vnnrym04-nodejs-22.14.0",
              "default": true
            },
            {
              "name": "libv8",
              "path": "/nix/store/j4w6685rkqwwl03cc8phm8xiyb2xmbnq-nodejs-22.14.0-libv8"
            }
          ],
          "store_path": "/nix/store/bmakyv5ip1wc9jk155glzdw4vnnrym04-nodejs-22.14.0"
        }
      }
    }
  }
}
